// !$*UTF8*$!
{
	archiveVersion = 1;
	classes = {
	};
	objectVersion = 46;
	objects = {

/* Begin PBXBuildFile section */
		37ADA91F61BF72A8CE81CD83 /* Pods_Supreme_Commander_Forged_Alliance_iOS_App.framework in Frameworks */ = {isa = PBXBuildFile; fileRef = BFE557BD863678A72E1E5BDC /* Pods_Supreme_Commander_Forged_Alliance_iOS_App.framework */; };
		BF0209071F4FA957001250A7 /* CustomTableViewCell.swift in Sources */ = {isa = PBXBuildFile; fileRef = BF0209061F4FA957001250A7 /* CustomTableViewCell.swift */; };
		BF0209091F51EB54001250A7 /* CustomSectionHeader.swift in Sources */ = {isa = PBXBuildFile; fileRef = BF0209081F51EB54001250A7 /* CustomSectionHeader.swift */; };
		BF02090C1F538A8B001250A7 /* HeaderViewTableViewCell.swift in Sources */ = {isa = PBXBuildFile; fileRef = BF02090A1F538A8B001250A7 /* HeaderViewTableViewCell.swift */; };
		BF02090D1F538A8B001250A7 /* HeaderViewTableViewCell.xib in Resources */ = {isa = PBXBuildFile; fileRef = BF02090B1F538A8B001250A7 /* HeaderViewTableViewCell.xib */; };
		BF829EC11ED8D2F3006BBD20 /* WeaponsViewController.swift in Sources */ = {isa = PBXBuildFile; fileRef = BF829EC01ED8D2F3006BBD20 /* WeaponsViewController.swift */; };
		BFCD45671ECAB7FA004EBC5E /* InfoViewController.swift in Sources */ = {isa = PBXBuildFile; fileRef = BFCD45661ECAB7FA004EBC5E /* InfoViewController.swift */; };
		BFE7E7C51EC53A8300D3BF65 /* AppDelegate.swift in Sources */ = {isa = PBXBuildFile; fileRef = BFE7E7C41EC53A8300D3BF65 /* AppDelegate.swift */; };
		BFE7E7C71EC53A8300D3BF65 /* MasterViewController.swift in Sources */ = {isa = PBXBuildFile; fileRef = BFE7E7C61EC53A8300D3BF65 /* MasterViewController.swift */; };
		BFE7E7C91EC53A8300D3BF65 /* DetailViewController.swift in Sources */ = {isa = PBXBuildFile; fileRef = BFE7E7C81EC53A8300D3BF65 /* DetailViewController.swift */; };
		BFE7E7CC1EC53A8300D3BF65 /* Main.storyboard in Resources */ = {isa = PBXBuildFile; fileRef = BFE7E7CA1EC53A8300D3BF65 /* Main.storyboard */; };
		BFE7E7CE1EC53A8300D3BF65 /* Assets.xcassets in Resources */ = {isa = PBXBuildFile; fileRef = BFE7E7CD1EC53A8300D3BF65 /* Assets.xcassets */; };
		BFE7E7D11EC53A8400D3BF65 /* LaunchScreen.storyboard in Resources */ = {isa = PBXBuildFile; fileRef = BFE7E7CF1EC53A8400D3BF65 /* LaunchScreen.storyboard */; };
		BFE7E7DC1EC53A8500D3BF65 /* Supreme_Commander_Forged_Alliance_iOS_AppTests.swift in Sources */ = {isa = PBXBuildFile; fileRef = BFE7E7DB1EC53A8500D3BF65 /* Supreme_Commander_Forged_Alliance_iOS_AppTests.swift */; };
		BFE7E7E71EC53A8500D3BF65 /* Supreme_Commander_Forged_Alliance_iOS_AppUITests.swift in Sources */ = {isa = PBXBuildFile; fileRef = BFE7E7E61EC53A8500D3BF65 /* Supreme_Commander_Forged_Alliance_iOS_AppUITests.swift */; };
/* End PBXBuildFile section */

/* Begin PBXContainerItemProxy section */
		BFE7E7D81EC53A8500D3BF65 /* PBXContainerItemProxy */ = {
			isa = PBXContainerItemProxy;
			containerPortal = BFE7E7B91EC53A8300D3BF65 /* Project object */;
			proxyType = 1;
			remoteGlobalIDString = BFE7E7C01EC53A8300D3BF65;
			remoteInfo = Supreme_Commander_Forged_Alliance_iOS_App;
		};
		BFE7E7E31EC53A8500D3BF65 /* PBXContainerItemProxy */ = {
			isa = PBXContainerItemProxy;
			containerPortal = BFE7E7B91EC53A8300D3BF65 /* Project object */;
			proxyType = 1;
			remoteGlobalIDString = BFE7E7C01EC53A8300D3BF65;
			remoteInfo = Supreme_Commander_Forged_Alliance_iOS_App;
		};
/* End PBXContainerItemProxy section */

/* Begin PBXFileReference section */
		3A87B0DF44BBF04C9556753C /* Pods-Supreme_Commander_Forged_Alliance_iOS_App.release.xcconfig */ = {isa = PBXFileReference; includeInIndex = 1; lastKnownFileType = text.xcconfig; name = "Pods-Supreme_Commander_Forged_Alliance_iOS_App.release.xcconfig"; path = "Pods/Target Support Files/Pods-Supreme_Commander_Forged_Alliance_iOS_App/Pods-Supreme_Commander_Forged_Alliance_iOS_App.release.xcconfig"; sourceTree = "<group>"; };
		BB25F9DACDC1B1416E902AA0 /* Pods-Supreme_Commander_Forged_Alliance_iOS_App.debug.xcconfig */ = {isa = PBXFileReference; includeInIndex = 1; lastKnownFileType = text.xcconfig; name = "Pods-Supreme_Commander_Forged_Alliance_iOS_App.debug.xcconfig"; path = "Pods/Target Support Files/Pods-Supreme_Commander_Forged_Alliance_iOS_App/Pods-Supreme_Commander_Forged_Alliance_iOS_App.debug.xcconfig"; sourceTree = "<group>"; };
		BF0209061F4FA957001250A7 /* CustomTableViewCell.swift */ = {isa = PBXFileReference; fileEncoding = 4; lastKnownFileType = sourcecode.swift; path = CustomTableViewCell.swift; sourceTree = "<group>"; };
		BF0209081F51EB54001250A7 /* CustomSectionHeader.swift */ = {isa = PBXFileReference; fileEncoding = 4; lastKnownFileType = sourcecode.swift; path = CustomSectionHeader.swift; sourceTree = "<group>"; };
		BF02090A1F538A8B001250A7 /* HeaderViewTableViewCell.swift */ = {isa = PBXFileReference; fileEncoding = 4; lastKnownFileType = sourcecode.swift; path = HeaderViewTableViewCell.swift; sourceTree = "<group>"; };
		BF02090B1F538A8B001250A7 /* HeaderViewTableViewCell.xib */ = {isa = PBXFileReference; fileEncoding = 4; lastKnownFileType = file.xib; path = HeaderViewTableViewCell.xib; sourceTree = "<group>"; };
		BF829EC01ED8D2F3006BBD20 /* WeaponsViewController.swift */ = {isa = PBXFileReference; fileEncoding = 4; lastKnownFileType = sourcecode.swift; path = WeaponsViewController.swift; sourceTree = "<group>"; };
		BFCD45661ECAB7FA004EBC5E /* InfoViewController.swift */ = {isa = PBXFileReference; fileEncoding = 4; lastKnownFileType = sourcecode.swift; path = InfoViewController.swift; sourceTree = "<group>"; };
		BFE557BD863678A72E1E5BDC /* Pods_Supreme_Commander_Forged_Alliance_iOS_App.framework */ = {isa = PBXFileReference; explicitFileType = wrapper.framework; includeInIndex = 0; path = Pods_Supreme_Commander_Forged_Alliance_iOS_App.framework; sourceTree = BUILT_PRODUCTS_DIR; };
		BFE7E7C11EC53A8300D3BF65 /* Supreme_Commander_Forged_Alliance_iOS_App.app */ = {isa = PBXFileReference; explicitFileType = wrapper.application; includeInIndex = 0; path = Supreme_Commander_Forged_Alliance_iOS_App.app; sourceTree = BUILT_PRODUCTS_DIR; };
		BFE7E7C41EC53A8300D3BF65 /* AppDelegate.swift */ = {isa = PBXFileReference; lastKnownFileType = sourcecode.swift; path = AppDelegate.swift; sourceTree = "<group>"; };
		BFE7E7C61EC53A8300D3BF65 /* MasterViewController.swift */ = {isa = PBXFileReference; lastKnownFileType = sourcecode.swift; path = MasterViewController.swift; sourceTree = "<group>"; };
		BFE7E7C81EC53A8300D3BF65 /* DetailViewController.swift */ = {isa = PBXFileReference; lastKnownFileType = sourcecode.swift; path = DetailViewController.swift; sourceTree = "<group>"; };
		BFE7E7CB1EC53A8300D3BF65 /* Base */ = {isa = PBXFileReference; lastKnownFileType = file.storyboard; name = Base; path = Base.lproj/Main.storyboard; sourceTree = "<group>"; };
		BFE7E7CD1EC53A8300D3BF65 /* Assets.xcassets */ = {isa = PBXFileReference; lastKnownFileType = folder.assetcatalog; path = Assets.xcassets; sourceTree = "<group>"; };
		BFE7E7D01EC53A8400D3BF65 /* Base */ = {isa = PBXFileReference; lastKnownFileType = file.storyboard; name = Base; path = Base.lproj/LaunchScreen.storyboard; sourceTree = "<group>"; };
		BFE7E7D21EC53A8400D3BF65 /* Info.plist */ = {isa = PBXFileReference; lastKnownFileType = text.plist.xml; path = Info.plist; sourceTree = "<group>"; };
		BFE7E7D71EC53A8500D3BF65 /* Supreme_Commander_Forged_Alliance_iOS_AppTests.xctest */ = {isa = PBXFileReference; explicitFileType = wrapper.cfbundle; includeInIndex = 0; path = Supreme_Commander_Forged_Alliance_iOS_AppTests.xctest; sourceTree = BUILT_PRODUCTS_DIR; };
		BFE7E7DB1EC53A8500D3BF65 /* Supreme_Commander_Forged_Alliance_iOS_AppTests.swift */ = {isa = PBXFileReference; lastKnownFileType = sourcecode.swift; path = Supreme_Commander_Forged_Alliance_iOS_AppTests.swift; sourceTree = "<group>"; };
		BFE7E7DD1EC53A8500D3BF65 /* Info.plist */ = {isa = PBXFileReference; lastKnownFileType = text.plist.xml; path = Info.plist; sourceTree = "<group>"; };
		BFE7E7E21EC53A8500D3BF65 /* Supreme_Commander_Forged_Alliance_iOS_AppUITests.xctest */ = {isa = PBXFileReference; explicitFileType = wrapper.cfbundle; includeInIndex = 0; path = Supreme_Commander_Forged_Alliance_iOS_AppUITests.xctest; sourceTree = BUILT_PRODUCTS_DIR; };
		BFE7E7E61EC53A8500D3BF65 /* Supreme_Commander_Forged_Alliance_iOS_AppUITests.swift */ = {isa = PBXFileReference; lastKnownFileType = sourcecode.swift; path = Supreme_Commander_Forged_Alliance_iOS_AppUITests.swift; sourceTree = "<group>"; };
		BFE7E7E81EC53A8600D3BF65 /* Info.plist */ = {isa = PBXFileReference; lastKnownFileType = text.plist.xml; path = Info.plist; sourceTree = "<group>"; };
/* End PBXFileReference section */

/* Begin PBXFrameworksBuildPhase section */
		BFE7E7BE1EC53A8300D3BF65 /* Frameworks */ = {
			isa = PBXFrameworksBuildPhase;
			buildActionMask = 2147483647;
			files = (
				37ADA91F61BF72A8CE81CD83 /* Pods_Supreme_Commander_Forged_Alliance_iOS_App.framework in Frameworks */,
			);
			runOnlyForDeploymentPostprocessing = 0;
		};
		BFE7E7D41EC53A8400D3BF65 /* Frameworks */ = {
			isa = PBXFrameworksBuildPhase;
			buildActionMask = 2147483647;
			files = (
			);
			runOnlyForDeploymentPostprocessing = 0;
		};
		BFE7E7DF1EC53A8500D3BF65 /* Frameworks */ = {
			isa = PBXFrameworksBuildPhase;
			buildActionMask = 2147483647;
			files = (
			);
			runOnlyForDeploymentPostprocessing = 0;
		};
/* End PBXFrameworksBuildPhase section */

/* Begin PBXGroup section */
		4808A8A02ABA9A710D9649ED /* Frameworks */ = {
			isa = PBXGroup;
			children = (
				BFE557BD863678A72E1E5BDC /* Pods_Supreme_Commander_Forged_Alliance_iOS_App.framework */,
			);
			name = Frameworks;
			sourceTree = "<group>";
		};
		BFE7E7B81EC53A8300D3BF65 = {
			isa = PBXGroup;
			children = (
				BFE7E7C31EC53A8300D3BF65 /* Supreme_Commander_Forged_Alliance_iOS_App */,
				BFE7E7DA1EC53A8500D3BF65 /* Supreme_Commander_Forged_Alliance_iOS_AppTests */,
				BFE7E7E51EC53A8500D3BF65 /* Supreme_Commander_Forged_Alliance_iOS_AppUITests */,
				BFE7E7C21EC53A8300D3BF65 /* Products */,
				D39CEB1395C6080603B12183 /* Pods */,
				4808A8A02ABA9A710D9649ED /* Frameworks */,
			);
			sourceTree = "<group>";
		};
		BFE7E7C21EC53A8300D3BF65 /* Products */ = {
			isa = PBXGroup;
			children = (
				BFE7E7C11EC53A8300D3BF65 /* Supreme_Commander_Forged_Alliance_iOS_App.app */,
				BFE7E7D71EC53A8500D3BF65 /* Supreme_Commander_Forged_Alliance_iOS_AppTests.xctest */,
				BFE7E7E21EC53A8500D3BF65 /* Supreme_Commander_Forged_Alliance_iOS_AppUITests.xctest */,
			);
			name = Products;
			sourceTree = "<group>";
		};
		BFE7E7C31EC53A8300D3BF65 /* Supreme_Commander_Forged_Alliance_iOS_App */ = {
			isa = PBXGroup;
			children = (
				BFE7E7D21EC53A8400D3BF65 /* Info.plist */,
				BFE7E7C41EC53A8300D3BF65 /* AppDelegate.swift */,
				BFE7E7C81EC53A8300D3BF65 /* DetailViewController.swift */,
				BFCD45661ECAB7FA004EBC5E /* InfoViewController.swift */,
				BFE7E7C61EC53A8300D3BF65 /* MasterViewController.swift */,
				BF02090A1F538A8B001250A7 /* HeaderViewTableViewCell.swift */,
				BF02090B1F538A8B001250A7 /* HeaderViewTableViewCell.xib */,
				BF829EC01ED8D2F3006BBD20 /* WeaponsViewController.swift */,
				BFE7E7CD1EC53A8300D3BF65 /* Assets.xcassets */,
				BFE7E7CF1EC53A8400D3BF65 /* LaunchScreen.storyboard */,
				BFE7E7CA1EC53A8300D3BF65 /* Main.storyboard */,
				BF0209061F4FA957001250A7 /* CustomTableViewCell.swift */,
				BF0209081F51EB54001250A7 /* CustomSectionHeader.swift */,
			);
			path = Supreme_Commander_Forged_Alliance_iOS_App;
			sourceTree = "<group>";
		};
		BFE7E7DA1EC53A8500D3BF65 /* Supreme_Commander_Forged_Alliance_iOS_AppTests */ = {
			isa = PBXGroup;
			children = (
				BFE7E7DB1EC53A8500D3BF65 /* Supreme_Commander_Forged_Alliance_iOS_AppTests.swift */,
				BFE7E7DD1EC53A8500D3BF65 /* Info.plist */,
			);
			path = Supreme_Commander_Forged_Alliance_iOS_AppTests;
			sourceTree = "<group>";
		};
		BFE7E7E51EC53A8500D3BF65 /* Supreme_Commander_Forged_Alliance_iOS_AppUITests */ = {
			isa = PBXGroup;
			children = (
				BFE7E7E61EC53A8500D3BF65 /* Supreme_Commander_Forged_Alliance_iOS_AppUITests.swift */,
				BFE7E7E81EC53A8600D3BF65 /* Info.plist */,
			);
			path = Supreme_Commander_Forged_Alliance_iOS_AppUITests;
			sourceTree = "<group>";
		};
		D39CEB1395C6080603B12183 /* Pods */ = {
			isa = PBXGroup;
			children = (
				BB25F9DACDC1B1416E902AA0 /* Pods-Supreme_Commander_Forged_Alliance_iOS_App.debug.xcconfig */,
				3A87B0DF44BBF04C9556753C /* Pods-Supreme_Commander_Forged_Alliance_iOS_App.release.xcconfig */,
			);
			name = Pods;
			sourceTree = "<group>";
		};
/* End PBXGroup section */

/* Begin PBXNativeTarget section */
		BFE7E7C01EC53A8300D3BF65 /* Supreme_Commander_Forged_Alliance_iOS_App */ = {
			isa = PBXNativeTarget;
			buildConfigurationList = BFE7E7EB1EC53A8600D3BF65 /* Build configuration list for PBXNativeTarget "Supreme_Commander_Forged_Alliance_iOS_App" */;
			buildPhases = (
				9C9B34AC5FD1FE10D7BD7CF1 /* [CP] Check Pods Manifest.lock */,
				BFE7E7BD1EC53A8300D3BF65 /* Sources */,
				BFE7E7BE1EC53A8300D3BF65 /* Frameworks */,
				BFE7E7BF1EC53A8300D3BF65 /* Resources */,
				B8FE5C9F8AAE2D15752B17C6 /* [CP] Embed Pods Frameworks */,
				7C9D0C0E72062918748434F8 /* [CP] Copy Pods Resources */,
			);
			buildRules = (
			);
			dependencies = (
			);
			name = Supreme_Commander_Forged_Alliance_iOS_App;
			productName = Supreme_Commander_Forged_Alliance_iOS_App;
			productReference = BFE7E7C11EC53A8300D3BF65 /* Supreme_Commander_Forged_Alliance_iOS_App.app */;
			productType = "com.apple.product-type.application";
		};
		BFE7E7D61EC53A8400D3BF65 /* Supreme_Commander_Forged_Alliance_iOS_AppTests */ = {
			isa = PBXNativeTarget;
			buildConfigurationList = BFE7E7EE1EC53A8600D3BF65 /* Build configuration list for PBXNativeTarget "Supreme_Commander_Forged_Alliance_iOS_AppTests" */;
			buildPhases = (
				BFE7E7D31EC53A8400D3BF65 /* Sources */,
				BFE7E7D41EC53A8400D3BF65 /* Frameworks */,
				BFE7E7D51EC53A8400D3BF65 /* Resources */,
			);
			buildRules = (
			);
			dependencies = (
				BFE7E7D91EC53A8500D3BF65 /* PBXTargetDependency */,
			);
			name = Supreme_Commander_Forged_Alliance_iOS_AppTests;
			productName = Supreme_Commander_Forged_Alliance_iOS_AppTests;
			productReference = BFE7E7D71EC53A8500D3BF65 /* Supreme_Commander_Forged_Alliance_iOS_AppTests.xctest */;
			productType = "com.apple.product-type.bundle.unit-test";
		};
		BFE7E7E11EC53A8500D3BF65 /* Supreme_Commander_Forged_Alliance_iOS_AppUITests */ = {
			isa = PBXNativeTarget;
			buildConfigurationList = BFE7E7F11EC53A8600D3BF65 /* Build configuration list for PBXNativeTarget "Supreme_Commander_Forged_Alliance_iOS_AppUITests" */;
			buildPhases = (
				BFE7E7DE1EC53A8500D3BF65 /* Sources */,
				BFE7E7DF1EC53A8500D3BF65 /* Frameworks */,
				BFE7E7E01EC53A8500D3BF65 /* Resources */,
			);
			buildRules = (
			);
			dependencies = (
				BFE7E7E41EC53A8500D3BF65 /* PBXTargetDependency */,
			);
			name = Supreme_Commander_Forged_Alliance_iOS_AppUITests;
			productName = Supreme_Commander_Forged_Alliance_iOS_AppUITests;
			productReference = BFE7E7E21EC53A8500D3BF65 /* Supreme_Commander_Forged_Alliance_iOS_AppUITests.xctest */;
			productType = "com.apple.product-type.bundle.ui-testing";
		};
/* End PBXNativeTarget section */

/* Begin PBXProject section */
		BFE7E7B91EC53A8300D3BF65 /* Project object */ = {
			isa = PBXProject;
			attributes = {
				LastSwiftUpdateCheck = 0830;
				LastUpgradeCheck = 0830;
				ORGANIZATIONNAME = MitchHickox;
				TargetAttributes = {
					BFE7E7C01EC53A8300D3BF65 = {
						CreatedOnToolsVersion = 8.3.2;
						DevelopmentTeam = 52APW7BYS8;
						ProvisioningStyle = Automatic;
					};
					BFE7E7D61EC53A8400D3BF65 = {
						CreatedOnToolsVersion = 8.3.2;
						ProvisioningStyle = Automatic;
						TestTargetID = BFE7E7C01EC53A8300D3BF65;
					};
					BFE7E7E11EC53A8500D3BF65 = {
						CreatedOnToolsVersion = 8.3.2;
						ProvisioningStyle = Automatic;
						TestTargetID = BFE7E7C01EC53A8300D3BF65;
					};
				};
			};
			buildConfigurationList = BFE7E7BC1EC53A8300D3BF65 /* Build configuration list for PBXProject "Supreme_Commander_Forged_Alliance_iOS_App" */;
			compatibilityVersion = "Xcode 3.2";
			developmentRegion = English;
			hasScannedForEncodings = 0;
			knownRegions = (
				en,
				Base,
			);
			mainGroup = BFE7E7B81EC53A8300D3BF65;
			productRefGroup = BFE7E7C21EC53A8300D3BF65 /* Products */;
			projectDirPath = "";
			projectRoot = "";
			targets = (
				BFE7E7C01EC53A8300D3BF65 /* Supreme_Commander_Forged_Alliance_iOS_App */,
				BFE7E7D61EC53A8400D3BF65 /* Supreme_Commander_Forged_Alliance_iOS_AppTests */,
				BFE7E7E11EC53A8500D3BF65 /* Supreme_Commander_Forged_Alliance_iOS_AppUITests */,
			);
		};
/* End PBXProject section */

/* Begin PBXResourcesBuildPhase section */
		BFE7E7BF1EC53A8300D3BF65 /* Resources */ = {
			isa = PBXResourcesBuildPhase;
			buildActionMask = 2147483647;
			files = (
				BFE7E7D11EC53A8400D3BF65 /* LaunchScreen.storyboard in Resources */,
				BFE7E7CE1EC53A8300D3BF65 /* Assets.xcassets in Resources */,
				BFE7E7CC1EC53A8300D3BF65 /* Main.storyboard in Resources */,
				BF02090D1F538A8B001250A7 /* HeaderViewTableViewCell.xib in Resources */,
			);
			runOnlyForDeploymentPostprocessing = 0;
		};
		BFE7E7D51EC53A8400D3BF65 /* Resources */ = {
			isa = PBXResourcesBuildPhase;
			buildActionMask = 2147483647;
			files = (
			);
			runOnlyForDeploymentPostprocessing = 0;
		};
		BFE7E7E01EC53A8500D3BF65 /* Resources */ = {
			isa = PBXResourcesBuildPhase;
			buildActionMask = 2147483647;
			files = (
			);
			runOnlyForDeploymentPostprocessing = 0;
		};
/* End PBXResourcesBuildPhase section */

/* Begin PBXShellScriptBuildPhase section */
		7C9D0C0E72062918748434F8 /* [CP] Copy Pods Resources */ = {
			isa = PBXShellScriptBuildPhase;
			buildActionMask = 2147483647;
			files = (
			);
			inputPaths = (
			);
			name = "[CP] Copy Pods Resources";
			outputPaths = (
			);
			runOnlyForDeploymentPostprocessing = 0;
			shellPath = /bin/sh;
			shellScript = "\"${SRCROOT}/Pods/Target Support Files/Pods-Supreme_Commander_Forged_Alliance_iOS_App/Pods-Supreme_Commander_Forged_Alliance_iOS_App-resources.sh\"\n";
			showEnvVarsInLog = 0;
		};
		9C9B34AC5FD1FE10D7BD7CF1 /* [CP] Check Pods Manifest.lock */ = {
			isa = PBXShellScriptBuildPhase;
			buildActionMask = 2147483647;
			files = (
			);
			inputPaths = (
			);
			name = "[CP] Check Pods Manifest.lock";
			outputPaths = (
			);
			runOnlyForDeploymentPostprocessing = 0;
			shellPath = /bin/sh;
			shellScript = "diff \"${PODS_PODFILE_DIR_PATH}/Podfile.lock\" \"${PODS_ROOT}/Manifest.lock\" > /dev/null\nif [ $? != 0 ] ; then\n    # print error to STDERR\n    echo \"error: The sandbox is not in sync with the Podfile.lock. Run 'pod install' or update your CocoaPods installation.\" >&2\n    exit 1\nfi\n";
			showEnvVarsInLog = 0;
		};
		B8FE5C9F8AAE2D15752B17C6 /* [CP] Embed Pods Frameworks */ = {
			isa = PBXShellScriptBuildPhase;
			buildActionMask = 2147483647;
			files = (
			);
			inputPaths = (
			);
			name = "[CP] Embed Pods Frameworks";
			outputPaths = (
			);
			runOnlyForDeploymentPostprocessing = 0;
			shellPath = /bin/sh;
			shellScript = "\"${SRCROOT}/Pods/Target Support Files/Pods-Supreme_Commander_Forged_Alliance_iOS_App/Pods-Supreme_Commander_Forged_Alliance_iOS_App-frameworks.sh\"\n";
			showEnvVarsInLog = 0;
		};
/* End PBXShellScriptBuildPhase section */

/* Begin PBXSourcesBuildPhase section */
		BFE7E7BD1EC53A8300D3BF65 /* Sources */ = {
			isa = PBXSourcesBuildPhase;
			buildActionMask = 2147483647;
			files = (
				BF0209071F4FA957001250A7 /* CustomTableViewCell.swift in Sources */,
				BFE7E7C91EC53A8300D3BF65 /* DetailViewController.swift in Sources */,
				BFE7E7C71EC53A8300D3BF65 /* MasterViewController.swift in Sources */,
				BFCD45671ECAB7FA004EBC5E /* InfoViewController.swift in Sources */,
				BF829EC11ED8D2F3006BBD20 /* WeaponsViewController.swift in Sources */,
				BF0209091F51EB54001250A7 /* CustomSectionHeader.swift in Sources */,
				BFE7E7C51EC53A8300D3BF65 /* AppDelegate.swift in Sources */,
				BF02090C1F538A8B001250A7 /* HeaderViewTableViewCell.swift in Sources */,
			);
			runOnlyForDeploymentPostprocessing = 0;
		};
		BFE7E7D31EC53A8400D3BF65 /* Sources */ = {
			isa = PBXSourcesBuildPhase;
			buildActionMask = 2147483647;
			files = (
				BFE7E7DC1EC53A8500D3BF65 /* Supreme_Commander_Forged_Alliance_iOS_AppTests.swift in Sources */,
			);
			runOnlyForDeploymentPostprocessing = 0;
		};
		BFE7E7DE1EC53A8500D3BF65 /* Sources */ = {
			isa = PBXSourcesBuildPhase;
			buildActionMask = 2147483647;
			files = (
				BFE7E7E71EC53A8500D3BF65 /* Supreme_Commander_Forged_Alliance_iOS_AppUITests.swift in Sources */,
			);
			runOnlyForDeploymentPostprocessing = 0;
		};
/* End PBXSourcesBuildPhase section */

/* Begin PBXTargetDependency section */
		BFE7E7D91EC53A8500D3BF65 /* PBXTargetDependency */ = {
			isa = PBXTargetDependency;
			target = BFE7E7C01EC53A8300D3BF65 /* Supreme_Commander_Forged_Alliance_iOS_App */;
			targetProxy = BFE7E7D81EC53A8500D3BF65 /* PBXContainerItemProxy */;
		};
		BFE7E7E41EC53A8500D3BF65 /* PBXTargetDependency */ = {
			isa = PBXTargetDependency;
			target = BFE7E7C01EC53A8300D3BF65 /* Supreme_Commander_Forged_Alliance_iOS_App */;
			targetProxy = BFE7E7E31EC53A8500D3BF65 /* PBXContainerItemProxy */;
		};
/* End PBXTargetDependency section */

/* Begin PBXVariantGroup section */
		BFE7E7CA1EC53A8300D3BF65 /* Main.storyboard */ = {
			isa = PBXVariantGroup;
			children = (
				BFE7E7CB1EC53A8300D3BF65 /* Base */,
			);
			name = Main.storyboard;
			sourceTree = "<group>";
		};
		BFE7E7CF1EC53A8400D3BF65 /* LaunchScreen.storyboard */ = {
			isa = PBXVariantGroup;
			children = (
				BFE7E7D01EC53A8400D3BF65 /* Base */,
			);
			name = LaunchScreen.storyboard;
			sourceTree = "<group>";
		};
/* End PBXVariantGroup section */

/* Begin XCBuildConfiguration section */
		BFE7E7E91EC53A8600D3BF65 /* Debug */ = {
			isa = XCBuildConfiguration;
			buildSettings = {
				ALWAYS_SEARCH_USER_PATHS = NO;
				CLANG_ANALYZER_NONNULL = YES;
				CLANG_ANALYZER_NUMBER_OBJECT_CONVERSION = YES_AGGRESSIVE;
				CLANG_CXX_LANGUAGE_STANDARD = "gnu++0x";
				CLANG_CXX_LIBRARY = "libc++";
				CLANG_ENABLE_MODULES = YES;
				CLANG_ENABLE_OBJC_ARC = YES;
				CLANG_WARN_BOOL_CONVERSION = YES;
				CLANG_WARN_CONSTANT_CONVERSION = YES;
				CLANG_WARN_DIRECT_OBJC_ISA_USAGE = YES_ERROR;
				CLANG_WARN_DOCUMENTATION_COMMENTS = YES;
				CLANG_WARN_EMPTY_BODY = YES;
				CLANG_WARN_ENUM_CONVERSION = YES;
				CLANG_WARN_INFINITE_RECURSION = YES;
				CLANG_WARN_INT_CONVERSION = YES;
				CLANG_WARN_OBJC_ROOT_CLASS = YES_ERROR;
				CLANG_WARN_SUSPICIOUS_MOVE = YES;
				CLANG_WARN_UNREACHABLE_CODE = YES;
				CLANG_WARN__DUPLICATE_METHOD_MATCH = YES;
				"CODE_SIGN_IDENTITY[sdk=iphoneos*]" = "iPhone Developer";
				COPY_PHASE_STRIP = NO;
				DEBUG_INFORMATION_FORMAT = dwarf;
				ENABLE_STRICT_OBJC_MSGSEND = YES;
				ENABLE_TESTABILITY = YES;
				GCC_C_LANGUAGE_STANDARD = gnu99;
				GCC_DYNAMIC_NO_PIC = NO;
				GCC_NO_COMMON_BLOCKS = YES;
				GCC_OPTIMIZATION_LEVEL = 0;
				GCC_PREPROCESSOR_DEFINITIONS = (
					"DEBUG=1",
					"$(inherited)",
				);
				GCC_WARN_64_TO_32_BIT_CONVERSION = YES;
				GCC_WARN_ABOUT_RETURN_TYPE = YES_ERROR;
				GCC_WARN_UNDECLARED_SELECTOR = YES;
				GCC_WARN_UNINITIALIZED_AUTOS = YES_AGGRESSIVE;
				GCC_WARN_UNUSED_FUNCTION = YES;
				GCC_WARN_UNUSED_VARIABLE = YES;
				IPHONEOS_DEPLOYMENT_TARGET = 10.3;
				MTL_ENABLE_DEBUG_INFO = YES;
				ONLY_ACTIVE_ARCH = YES;
				SDKROOT = iphoneos;
				SWIFT_ACTIVE_COMPILATION_CONDITIONS = DEBUG;
				SWIFT_OPTIMIZATION_LEVEL = "-Onone";
				TARGETED_DEVICE_FAMILY = "1,2";
			};
			name = Debug;
		};
		BFE7E7EA1EC53A8600D3BF65 /* Release */ = {
			isa = XCBuildConfiguration;
			buildSettings = {
				ALWAYS_SEARCH_USER_PATHS = NO;
				CLANG_ANALYZER_NONNULL = YES;
				CLANG_ANALYZER_NUMBER_OBJECT_CONVERSION = YES_AGGRESSIVE;
				CLANG_CXX_LANGUAGE_STANDARD = "gnu++0x";
				CLANG_CXX_LIBRARY = "libc++";
				CLANG_ENABLE_MODULES = YES;
				CLANG_ENABLE_OBJC_ARC = YES;
				CLANG_WARN_BOOL_CONVERSION = YES;
				CLANG_WARN_CONSTANT_CONVERSION = YES;
				CLANG_WARN_DIRECT_OBJC_ISA_USAGE = YES_ERROR;
				CLANG_WARN_DOCUMENTATION_COMMENTS = YES;
				CLANG_WARN_EMPTY_BODY = YES;
				CLANG_WARN_ENUM_CONVERSION = YES;
				CLANG_WARN_INFINITE_RECURSION = YES;
				CLANG_WARN_INT_CONVERSION = YES;
				CLANG_WARN_OBJC_ROOT_CLASS = YES_ERROR;
				CLANG_WARN_SUSPICIOUS_MOVE = YES;
				CLANG_WARN_UNREACHABLE_CODE = YES;
				CLANG_WARN__DUPLICATE_METHOD_MATCH = YES;
				"CODE_SIGN_IDENTITY[sdk=iphoneos*]" = "iPhone Developer";
				COPY_PHASE_STRIP = NO;
				DEBUG_INFORMATION_FORMAT = "dwarf-with-dsym";
				ENABLE_NS_ASSERTIONS = NO;
				ENABLE_STRICT_OBJC_MSGSEND = YES;
				GCC_C_LANGUAGE_STANDARD = gnu99;
				GCC_NO_COMMON_BLOCKS = YES;
				GCC_WARN_64_TO_32_BIT_CONVERSION = YES;
				GCC_WARN_ABOUT_RETURN_TYPE = YES_ERROR;
				GCC_WARN_UNDECLARED_SELECTOR = YES;
				GCC_WARN_UNINITIALIZED_AUTOS = YES_AGGRESSIVE;
				GCC_WARN_UNUSED_FUNCTION = YES;
				GCC_WARN_UNUSED_VARIABLE = YES;
				IPHONEOS_DEPLOYMENT_TARGET = 10.3;
				MTL_ENABLE_DEBUG_INFO = NO;
				SDKROOT = iphoneos;
				SWIFT_OPTIMIZATION_LEVEL = "-Owholemodule";
				TARGETED_DEVICE_FAMILY = "1,2";
				VALIDATE_PRODUCT = YES;
			};
			name = Release;
		};
		BFE7E7EC1EC53A8600D3BF65 /* Debug */ = {
			isa = XCBuildConfiguration;
			baseConfigurationReference = BB25F9DACDC1B1416E902AA0 /* Pods-Supreme_Commander_Forged_Alliance_iOS_App.debug.xcconfig */;
			buildSettings = {
				ASSETCATALOG_COMPILER_APPICON_NAME = AppIcon;
				DEVELOPMENT_TEAM = 52APW7BYS8;
				INFOPLIST_FILE = Supreme_Commander_Forged_Alliance_iOS_App/Info.plist;
				IPHONEOS_DEPLOYMENT_TARGET = 9.0;
				LD_RUNPATH_SEARCH_PATHS = "$(inherited) @executable_path/Frameworks";
				PRODUCT_BUNDLE_IDENTIFIER = "MitchHickox.Supreme-Commander-Forged-Alliance-iOS-App";
				PRODUCT_NAME = "$(TARGET_NAME)";
				SWIFT_VERSION = 3.0;
			};
			name = Debug;
		};
		BFE7E7ED1EC53A8600D3BF65 /* Release */ = {
			isa = XCBuildConfiguration;
			baseConfigurationReference = 3A87B0DF44BBF04C9556753C /* Pods-Supreme_Commander_Forged_Alliance_iOS_App.release.xcconfig */;
			buildSettings = {
				ASSETCATALOG_COMPILER_APPICON_NAME = AppIcon;
				DEVELOPMENT_TEAM = 52APW7BYS8;
				INFOPLIST_FILE = Supreme_Commander_Forged_Alliance_iOS_App/Info.plist;
				IPHONEOS_DEPLOYMENT_TARGET = 9.0;
				LD_RUNPATH_SEARCH_PATHS = "$(inherited) @executable_path/Frameworks";
				PRODUCT_BUNDLE_IDENTIFIER = "MitchHickox.Supreme-Commander-Forged-Alliance-iOS-App";
				PRODUCT_NAME = "$(TARGET_NAME)";
				SWIFT_VERSION = 3.0;
			};
			name = Release;
		};
		BFE7E7EF1EC53A8600D3BF65 /* Debug */ = {
			isa = XCBuildConfiguration;
			buildSettings = {
				ALWAYS_EMBED_SWIFT_STANDARD_LIBRARIES = YES;
				BUNDLE_LOADER = "$(TEST_HOST)";
				INFOPLIST_FILE = Supreme_Commander_Forged_Alliance_iOS_AppTests/Info.plist;
				LD_RUNPATH_SEARCH_PATHS = "$(inherited) @executable_path/Frameworks @loader_path/Frameworks";
				PRODUCT_BUNDLE_IDENTIFIER = "MitchHickox.Supreme-Commander-Forged-Alliance-iOS-AppTests";
				PRODUCT_NAME = "$(TARGET_NAME)";
				SWIFT_VERSION = 3.0;
				TEST_HOST = "$(BUILT_PRODUCTS_DIR)/Supreme_Commander_Forged_Alliance_iOS_App.app/Supreme_Commander_Forged_Alliance_iOS_App";
			};
			name = Debug;
		};
		BFE7E7F01EC53A8600D3BF65 /* Release */ = {
			isa = XCBuildConfiguration;
			buildSettings = {
				ALWAYS_EMBED_SWIFT_STANDARD_LIBRARIES = YES;
				BUNDLE_LOADER = "$(TEST_HOST)";
				INFOPLIST_FILE = Supreme_Commander_Forged_Alliance_iOS_AppTests/Info.plist;
				LD_RUNPATH_SEARCH_PATHS = "$(inherited) @executable_path/Frameworks @loader_path/Frameworks";
				PRODUCT_BUNDLE_IDENTIFIER = "MitchHickox.Supreme-Commander-Forged-Alliance-iOS-AppTests";
				PRODUCT_NAME = "$(TARGET_NAME)";
				SWIFT_VERSION = 3.0;
				TEST_HOST = "$(BUILT_PRODUCTS_DIR)/Supreme_Commander_Forged_Alliance_iOS_App.app/Supreme_Commander_Forged_Alliance_iOS_App";
			};
			name = Release;
		};
		BFE7E7F21EC53A8600D3BF65 /* Debug */ = {
			isa = XCBuildConfiguration;
			buildSettings = {
				ALWAYS_EMBED_SWIFT_STANDARD_LIBRARIES = YES;
				INFOPLIST_FILE = Supreme_Commander_Forged_Alliance_iOS_AppUITests/Info.plist;
				LD_RUNPATH_SEARCH_PATHS = "$(inherited) @executable_path/Frameworks @loader_path/Frameworks";
				PRODUCT_BUNDLE_IDENTIFIER = "MitchHickox.Supreme-Commander-Forged-Alliance-iOS-AppUITests";
				PRODUCT_NAME = "$(TARGET_NAME)";
				SWIFT_VERSION = 3.0;
				TEST_TARGET_NAME = Supreme_Commander_Forged_Alliance_iOS_App;
			};
			name = Debug;
		};
		BFE7E7F31EC53A8600D3BF65 /* Release */ = {
			isa = XCBuildConfiguration;
			buildSettings = {
				ALWAYS_EMBED_SWIFT_STANDARD_LIBRARIES = YES;
				INFOPLIST_FILE = Supreme_Commander_Forged_Alliance_iOS_AppUITests/Info.plist;
				LD_RUNPATH_SEARCH_PATHS = "$(inherited) @executable_path/Frameworks @loader_path/Frameworks";
				PRODUCT_BUNDLE_IDENTIFIER = "MitchHickox.Supreme-Commander-Forged-Alliance-iOS-AppUITests";
				PRODUCT_NAME = "$(TARGET_NAME)";
				SWIFT_VERSION = 3.0;
				TEST_TARGET_NAME = Supreme_Commander_Forged_Alliance_iOS_App;
			};
			name = Release;
		};
/* End XCBuildConfiguration section */

/* Begin XCConfigurationList section */
		BFE7E7BC1EC53A8300D3BF65 /* Build configuration list for PBXProject "Supreme_Commander_Forged_Alliance_iOS_App" */ = {
			isa = XCConfigurationList;
			buildConfigurations = (
				BFE7E7E91EC53A8600D3BF65 /* Debug */,
				BFE7E7EA1EC53A8600D3BF65 /* Release */,
			);
			defaultConfigurationIsVisible = 0;
			defaultConfigurationName = Release;
		};
		BFE7E7EB1EC53A8600D3BF65 /* Build configuration list for PBXNativeTarget "Supreme_Commander_Forged_Alliance_iOS_App" */ = {
			isa = XCConfigurationList;
			buildConfigurations = (
				BFE7E7EC1EC53A8600D3BF65 /* Debug */,
				BFE7E7ED1EC53A8600D3BF65 /* Release */,
			);
			defaultConfigurationIsVisible = 0;
			defaultConfigurationName = Release;
		};
		BFE7E7EE1EC53A8600D3BF65 /* Build configuration list for PBXNativeTarget "Supreme_Commander_Forged_Alliance_iOS_AppTests" */ = {
			isa = XCConfigurationList;
			buildConfigurations = (
				BFE7E7EF1EC53A8600D3BF65 /* Debug */,
				BFE7E7F01EC53A8600D3BF65 /* Release */,
			);
			defaultConfigurationIsVisible = 0;
			defaultConfigurationName = Release;
		};
		BFE7E7F11EC53A8600D3BF65 /* Build configuration list for PBXNativeTarget "Supreme_Commander_Forged_Alliance_iOS_AppUITests" */ = {
			isa = XCConfigurationList;
			buildConfigurations = (
				BFE7E7F21EC53A8600D3BF65 /* Debug */,
				BFE7E7F31EC53A8600D3BF65 /* Release */,
			);
			defaultConfigurationIsVisible = 0;
			defaultConfigurationName = Release;
		};
/* End XCConfigurationList section */
	};
	rootObject = BFE7E7B91EC53A8300D3BF65 /* Project object */;
}
